
Microsoft Visual Studio Solution File, Format Version 12.00
# Visual Studio Version 16
VisualStudioVersion = 16.0.30711.63
MinimumVisualStudioVersion = 10.0.40219.1
Project("{9A19103F-16F7-4668-BE54-9A1E7A4F7556}") = "Zoo", "Zoo\Zoo.csproj", "{9357637D-AD9D-4175-B4B3-1813DBA1332D}"
EndProject
Project("{9A19103F-16F7-4668-BE54-9A1E7A4F7556}") = "Zoo.Classes", "Zoo.Classes\Zoo.Classes.csproj", "{7E3B3C56-DD46-46A2-B0E4-2EF01552B54B}"
EndProject
Project("{9A19103F-16F7-4668-BE54-9A1E7A4F7556}") = "Zoo.API", "Zoo.API\Zoo.API.csproj", "{4F64AA2A-DD7F-45DC-A77C-243906A0C556}"
EndProject
Project("{FAE04EC0-301F-11D3-BF4B-00C04F79EFBC}") = "Zoo.Constants", "Zoo.Constants\Zoo.Constants.csproj", "{11963F13-EEBD-4E74-9ED7-15A3BFE5FFA7}"
EndProject
Global
	GlobalSection(SolutionConfigurationPlatforms) = preSolution
		Debug|Any CPU = Debug|Any CPU
		Release|Any CPU = Release|Any CPU
	EndGlobalSection
	GlobalSection(ProjectConfigurationPlatforms) = postSolution
		{9357637D-AD9D-4175-B4B3-1813DBA1332D}.Debug|Any CPU.ActiveCfg = Debug|Any CPU
		{9357637D-AD9D-4175-B4B3-1813DBA1332D}.Debug|Any CPU.Build.0 = Debug|Any CPU
		{9357637D-AD9D-4175-B4B3-1813DBA1332D}.Release|Any CPU.ActiveCfg = Release|Any CPU
		{9357637D-AD9D-4175-B4B3-1813DBA1332D}.Release|Any CPU.Build.0 = Release|Any CPU
		{7E3B3C56-DD46-46A2-B0E4-2EF01552B54B}.Debug|Any CPU.ActiveCfg = Debug|Any CPU
		{7E3B3C56-DD46-46A2-B0E4-2EF01552B54B}.Debug|Any CPU.Build.0 = Debug|Any CPU
		{7E3B3C56-DD46-46A2-B0E4-2EF01552B54B}.Release|Any CPU.ActiveCfg = Release|Any CPU
		{7E3B3C56-DD46-46A2-B0E4-2EF01552B54B}.Release|Any CPU.Build.0 = Release|Any CPU
		{4F64AA2A-DD7F-45DC-A77C-243906A0C556}.Debug|Any CPU.ActiveCfg = Debug|Any CPU
		{4F64AA2A-DD7F-45DC-A77C-243906A0C556}.Debug|Any CPU.Build.0 = Debug|Any CPU
		{4F64AA2A-DD7F-45DC-A77C-243906A0C556}.Release|Any CPU.ActiveCfg = Release|Any CPU
		{4F64AA2A-DD7F-45DC-A77C-243906A0C556}.Release|Any CPU.Build.0 = Release|Any CPU
		{11963F13-EEBD-4E74-9ED7-15A3BFE5FFA7}.Debug|Any CPU.ActiveCfg = Debug|Any CPU
		{11963F13-EEBD-4E74-9ED7-15A3BFE5FFA7}.Debug|Any CPU.Build.0 = Debug|Any CPU
		{11963F13-EEBD-4E74-9ED7-15A3BFE5FFA7}.Release|Any CPU.ActiveCfg = Release|Any CPU
		{11963F13-EEBD-4E74-9ED7-15A3BFE5FFA7}.Release|Any CPU.Build.0 = Release|Any CPU
	EndGlobalSection
	GlobalSection(SolutionProperties) = preSolution
		HideSolutionNode = FALSE
	EndGlobalSection
	GlobalSection(ExtensibilityGlobals) = postSolution
		SolutionGuid = {F9A2DAF9-24F3-467F-AE00-DAE15C9EA413}
	EndGlobalSection
EndGlobal
